github.com/google/go-cmp v0.6.0 h1:ofyhxvXcZhMsU5ulbFiLKl/XBFqE1GSq7atu8tAmTRI=
github.com/google/go-cmp v0.6.0/go.mod h1:17dUlkBOakJ0+DkrSSNjCkIjxS6bF9zb3elmeNGIjoY=
github.com/miekg/dns v1.1.72 h1:vhmr+TF2A3tuoGNkLDFK9zi36F2LS+hKTRW0Uf8kbzI=
github.com/miekg/dns v1.1.72/go.mod h1:+EuEPhdHOsfk6Wk5TT2CzssZdqkmFhf8r+aVyDEToIs=
github.com/nitroshare/compare v1.1.0 h1:0G7Tpt8LLXxe05DIzD67Iy9nb5YO3R2TbQlemqOknCw=
github.com/nitroshare/compare v1.1.0/go.mod h1:YnsFVZura0jowTncpTZtdciU1qdP3nthsqLAc5ql5F4=
github.com/nitroshare/golist v1.1.0 h1:UsETU2gDgV6qNF8724PlxBGtIzTagEYQiz6zF4iKnBw=
github.com/nitroshare/golist v1.1.0/go.mod h1:jJhoY4v2aiz2WYKSYE6/9OxnAEm2Nz6I4ZKmM/oDJgU=
github.com/nitroshare/gomulticast v1.1.2 h1:+vpSHQLCzScyh2cZX1bAik1mDMrR5miSsGMMcUqbl6w=
github.com/nitroshare/gomulticast v1.1.2/go.mod h1:qWVE/OV8EnkdmwVjP6/c3Zt8mXNsy73xrAYMBSPJSfY=
github.com/nitroshare/gotime v1.4.0 h1:mlGqJduKJH32bgNqevjFzM8wvBo2LmcmM85P7k04UT4=
github.com/nitroshare/gotime v1.4.0/go.mod h1:3VHEROn2AbMNR8D8tnktme53MroDWswv2LUj50c+MGM=
golang.org/x/mod v0.31.0 h1:HaW9xtz0+kOcWKwli0ZXy79Ix+UW/vOfmWI5QVd2tgI=
golang.org/x/mod v0.31.0/go.mod h1:43JraMp9cGx1Rx3AqioxrbrhNsLl2l/iNAvuBkrezpg=
golang.org/x/net v0.48.0 h1:zyQRTTrjc33Lhh0fBgT/H3oZq9WuvRR5gPC70xpDiQU=
golang.org/x/net v0.48.0/go.mod h1:+ndRgGjkh8FGtu1w1FGbEC31if4VrNVMuKTgcAAnQRY=
golang.org/x/sync v0.19.0 h1:vV+1eWNmZ5geRlYjzm2adRgW2/mcpevXNg50YZtPCE4=
golang.org/x/sync v0.19.0/go.mod h1:9KTHXmSnoGruLpwFjVSX0lNNA75CykiMECbovNTZqGI=
golang.org/x/sys v0.39.0 h1:CvCKL8MeisomCi6qNZ+wbb0DN9E5AATixKsvNtMoMFk=
golang.org/x/sys v0.39.0/go.mod h1:OgkHotnGiDImocRcuBABYBEXf8A9a87e/uXjp9XT3ks=
golang.org/x/tools v0.40.0 h1:yLkxfA+Qnul4cs9QA3KnlFu0lVmd8JJfoq+E41uSutA=
golang.org/x/tools v0.40.0/go.mod h1:Ik/tzLRlbscWpqqMRjyWYDisX8bG13FrdXp3o4Sr9lc=
